PODS:
  - FBSnapshotTestCase (2.1.4):
    - FBSnapshotTestCase/SwiftSupport (= 2.1.4)
  - FBSnapshotTestCase/Core (2.1.4)
  - FBSnapshotTestCase/SwiftSupport (2.1.4):
    - FBSnapshotTestCase/Core
  - ne-ios-sdk-samples (0.4.0)

DEPENDENCIES:
  - FBSnapshotTestCase (~> 2.1.4)
  - ne-ios-sdk-samples (from `../`)

SPEC REPOS:
  trunk:
    - FBSnapshotTestCase

EXTERNAL SOURCES:
  ne-ios-sdk-samples:
    :path: "../"

SPEC CHECKSUMS:
  FBSnapshotTestCase: 094f9f314decbabe373b87cc339bea235a63e07a
  ne-ios-sdk-samples: 21f1b16ebb8e9e88f34b55ed7223833271bb034d

PODFILE CHECKSUM: e43f2aa88f03956a53ced272f67dc92bc108bb81

COCOAPODS: 1.9.0
