PODS:
  - FBSnapshotTestCase (2.1.4):
    - FBSnapshotTestCase/SwiftSupport (= 2.1.4)
  - FBSnapshotTestCase/Core (2.1.4)
  - FBSnapshotTestCase/SwiftSupport (2.1.4):
    - FBSnapshotTestCase/Core
  - ne-ios-sdk-samples (0.1.0)

DEPENDENCIES:
  - FBSnapshotTestCase (~> 2.1.4)
  - ne-ios-sdk-samples (from `../`)

SPEC REPOS:
  trunk:
    - FBSnapshotTestCase

EXTERNAL SOURCES:
  ne-ios-sdk-samples:
    :path: "../"

SPEC CHECKSUMS:
  FBSnapshotTestCase: 094f9f314decbabe373b87cc339bea235a63e07a
  ne-ios-sdk-samples: 1e3425e9fb3e8412b9e4dbeb920c214fef0a54e1

PODFILE CHECKSUM: e43f2aa88f03956a53ced272f67dc92bc108bb81

COCOAPODS: 1.9.3
